{
  "name": "tabley",
  "version": "0.0.4",
  "lockfileVersion": 1,
  "requires": true,
  "dependencies": {
    "cosmetic": {
      "version": "1.1.2",
      "resolved": "https://registry.npmjs.org/cosmetic/-/cosmetic-1.1.2.tgz",
      "integrity": "sha512-djzLmlOa6bBy3u4IaMJxRpZUPOPUfVIhuVoMkMtdZ1Cl+NTrrgpdmNJ8nYrOj1CV1KKuEjAQmxk1VbIeOrussA=="
    },
    "padstr": {
      "version": "0.0.3",
      "resolved": "https://registry.npmjs.org/padstr/-/padstr-0.0.3.tgz",
      "integrity": "sha512-oXqmrWWxB9YxDxyAT3c5n/qzJ+zDnYLxJ3ReSxe7z7zkWL3iFoTOJhPXiWmStVaSXoH8Ui+RDtZVnWsIkGp8+w=="
    }
  }
}
