{
  "name": "tabley",
  "version": "0.0.12",
  "lockfileVersion": 2,
  "requires": true,
  "packages": {
    "": {
      "name": "tabley",
      "version": "0.0.12",
      "license": "ISC",
      "dependencies": {
        "cosmetic": "^1.2.1",
        "padstr": "0.0.4"
      }
    },
    "node_modules/cosmetic": {
      "version": "1.2.1",
      "resolved": "https://registry.npmjs.org/cosmetic/-/cosmetic-1.2.1.tgz",
      "integrity": "sha512-uJ4LaMYGinGsbRGxYzAabIyb4aXTt5CAlZFYwNw4j3yODVJdTcuBveDj4qIvsXydukf9fQqWsYiHYNvFujmOyQ=="
    },
    "node_modules/padstr": {
      "version": "0.0.4",
      "resolved": "https://registry.npmjs.org/padstr/-/padstr-0.0.4.tgz",
      "integrity": "sha512-z7sF/JliYYFKR14+VL3AX73tBKfCE8o7SRxUsA55fxfFMYUc8fcA0+gWCDjrhw0cFtQLQjJ/BDM1jKC3v4uv/A=="
    }
  },
  "dependencies": {
    "cosmetic": {
      "version": "1.2.1",
      "resolved": "https://registry.npmjs.org/cosmetic/-/cosmetic-1.2.1.tgz",
      "integrity": "sha512-uJ4LaMYGinGsbRGxYzAabIyb4aXTt5CAlZFYwNw4j3yODVJdTcuBveDj4qIvsXydukf9fQqWsYiHYNvFujmOyQ=="
    },
    "padstr": {
      "version": "0.0.4",
      "resolved": "https://registry.npmjs.org/padstr/-/padstr-0.0.4.tgz",
      "integrity": "sha512-z7sF/JliYYFKR14+VL3AX73tBKfCE8o7SRxUsA55fxfFMYUc8fcA0+gWCDjrhw0cFtQLQjJ/BDM1jKC3v4uv/A=="
    }
  }
}
