{
  "name": "tabley",
  "version": "0.0.8",
  "lockfileVersion": 1,
  "requires": true,
  "dependencies": {
    "cosmetic": {
      "version": "1.1.2",
      "resolved": "https://registry.npmjs.org/cosmetic/-/cosmetic-1.1.2.tgz",
      "integrity": "sha512-djzLmlOa6bBy3u4IaMJxRpZUPOPUfVIhuVoMkMtdZ1Cl+NTrrgpdmNJ8nYrOj1CV1KKuEjAQmxk1VbIeOrussA=="
    },
    "padstr": {
      "version": "0.0.4",
      "resolved": "https://registry.npmjs.org/padstr/-/padstr-0.0.4.tgz",
      "integrity": "sha512-z7sF/JliYYFKR14+VL3AX73tBKfCE8o7SRxUsA55fxfFMYUc8fcA0+gWCDjrhw0cFtQLQjJ/BDM1jKC3v4uv/A=="
    }
  }
}
